// !$*UTF8*$!
{
	archiveVersion = 1;
	classes = {
	};
	objectVersion = 46;
	objects = {

/* Begin PBXBuildFile section */
		CA8D038E1D8109E3001ED620 /* FUCandarContentCell.m in Sources */ = {isa = PBXBuildFile; fileRef = CA8D03891D8109E3001ED620 /* FUCandarContentCell.m */; };
		CA8D038F1D8109E3001ED620 /* FUCandarContentCell.xib in Resources */ = {isa = PBXBuildFile; fileRef = CA8D038A1D8109E3001ED620 /* FUCandarContentCell.xib */; };
		CA8D03901D8109E3001ED620 /* FUCandarWeekCell.m in Sources */ = {isa = PBXBuildFile; fileRef = CA8D038C1D8109E3001ED620 /* FUCandarWeekCell.m */; };
		CA8D03911D8109E3001ED620 /* FUCandarWeekCell.xib in Resources */ = {isa = PBXBuildFile; fileRef = CA8D038D1D8109E3001ED620 /* FUCandarWeekCell.xib */; };
		CA8D03971D8153FE001ED620 /* FUCandarModel.m in Sources */ = {isa = PBXBuildFile; fileRef = CA8D03961D8153FE001ED620 /* FUCandarModel.m */; };
		CA8E639D1D7FE541005A2A52 /* main.m in Sources */ = {isa = PBXBuildFile; fileRef = CA8E639C1D7FE541005A2A52 /* main.m */; };
		CA8E63A01D7FE541005A2A52 /* AppDelegate.m in Sources */ = {isa = PBXBuildFile; fileRef = CA8E639F1D7FE541005A2A52 /* AppDelegate.m */; };
		CA8E63A31D7FE541005A2A52 /* ViewController.m in Sources */ = {isa = PBXBuildFile; fileRef = CA8E63A21D7FE541005A2A52 /* ViewController.m */; };
		CA8E63A61D7FE541005A2A52 /* Main.storyboard in Resources */ = {isa = PBXBuildFile; fileRef = CA8E63A41D7FE541005A2A52 /* Main.storyboard */; };
		CA8E63A81D7FE541005A2A52 /* Assets.xcassets in Resources */ = {isa = PBXBuildFile; fileRef = CA8E63A71D7FE541005A2A52 /* Assets.xcassets */; };
		CA8E63AB1D7FE541005A2A52 /* LaunchScreen.storyboard in Resources */ = {isa = PBXBuildFile; fileRef = CA8E63A91D7FE541005A2A52 /* LaunchScreen.storyboard */; };
		CA8E63B61D7FE541005A2A52 /* FUDateAboutTests.m in Sources */ = {isa = PBXBuildFile; fileRef = CA8E63B51D7FE541005A2A52 /* FUDateAboutTests.m */; };
		CA8E63C11D7FE541005A2A52 /* FUDateAboutUITests.m in Sources */ = {isa = PBXBuildFile; fileRef = CA8E63C01D7FE541005A2A52 /* FUDateAboutUITests.m */; };
		CA8E63D11D7FE72B005A2A52 /* FUCanlendarView.m in Sources */ = {isa = PBXBuildFile; fileRef = CA8E63D01D7FE72B005A2A52 /* FUCanlendarView.m */; };
		CA8E63D41D7FE750005A2A52 /* FUCanlendarTestVC.m in Sources */ = {isa = PBXBuildFile; fileRef = CA8E63D31D7FE750005A2A52 /* FUCanlendarTestVC.m */; };
		CA8E63D61D80117F005A2A52 /* FUCanlendarView.xib in Resources */ = {isa = PBXBuildFile; fileRef = CA8E63D51D80117F005A2A52 /* FUCanlendarView.xib */; };
		CA9015481D87A57F00BDC307 /* UIColor+FURandom.m in Sources */ = {isa = PBXBuildFile; fileRef = CA9015471D87A57F00BDC307 /* UIColor+FURandom.m */; };
/* End PBXBuildFile section */

/* Begin PBXContainerItemProxy section */
		CA8E63B21D7FE541005A2A52 /* PBXContainerItemProxy */ = {
			isa = PBXContainerItemProxy;
			containerPortal = CA8E63901D7FE541005A2A52 /* Project object */;
			proxyType = 1;
			remoteGlobalIDString = CA8E63971D7FE541005A2A52;
			remoteInfo = FUDateAbout;
		};
		CA8E63BD1D7FE541005A2A52 /* PBXContainerItemProxy */ = {
			isa = PBXContainerItemProxy;
			containerPortal = CA8E63901D7FE541005A2A52 /* Project object */;
			proxyType = 1;
			remoteGlobalIDString = CA8E63971D7FE541005A2A52;
			remoteInfo = FUDateAbout;
		};
/* End PBXContainerItemProxy section */

/* Begin PBXFileReference section */
		CA8D03871D81058E001ED620 /* FUcanlendarHeader.h */ = {isa = PBXFileReference; lastKnownFileType = sourcecode.c.h; path = FUcanlendarHeader.h; sourceTree = "<group>"; };
		CA8D03881D8109E3001ED620 /* FUCandarContentCell.h */ = {isa = PBXFileReference; fileEncoding = 4; lastKnownFileType = sourcecode.c.h; path = FUCandarContentCell.h; sourceTree = "<group>"; };
		CA8D03891D8109E3001ED620 /* FUCandarContentCell.m */ = {isa = PBXFileReference; fileEncoding = 4; lastKnownFileType = sourcecode.c.objc; path = FUCandarContentCell.m; sourceTree = "<group>"; };
		CA8D038A1D8109E3001ED620 /* FUCandarContentCell.xib */ = {isa = PBXFileReference; fileEncoding = 4; lastKnownFileType = file.xib; path = FUCandarContentCell.xib; sourceTree = "<group>"; };
		CA8D038B1D8109E3001ED620 /* FUCandarWeekCell.h */ = {isa = PBXFileReference; fileEncoding = 4; lastKnownFileType = sourcecode.c.h; path = FUCandarWeekCell.h; sourceTree = "<group>"; };
		CA8D038C1D8109E3001ED620 /* FUCandarWeekCell.m */ = {isa = PBXFileReference; fileEncoding = 4; lastKnownFileType = sourcecode.c.objc; path = FUCandarWeekCell.m; sourceTree = "<group>"; };
		CA8D038D1D8109E3001ED620 /* FUCandarWeekCell.xib */ = {isa = PBXFileReference; fileEncoding = 4; lastKnownFileType = file.xib; path = FUCandarWeekCell.xib; sourceTree = "<group>"; };
		CA8D03951D8153FE001ED620 /* FUCandarModel.h */ = {isa = PBXFileReference; fileEncoding = 4; lastKnownFileType = sourcecode.c.h; path = FUCandarModel.h; sourceTree = "<group>"; };
		CA8D03961D8153FE001ED620 /* FUCandarModel.m */ = {isa = PBXFileReference; fileEncoding = 4; lastKnownFileType = sourcecode.c.objc; path = FUCandarModel.m; sourceTree = "<group>"; };
		CA8E63981D7FE541005A2A52 /* FUDateAbout.app */ = {isa = PBXFileReference; explicitFileType = wrapper.application; includeInIndex = 0; path = FUDateAbout.app; sourceTree = BUILT_PRODUCTS_DIR; };
		CA8E639C1D7FE541005A2A52 /* main.m */ = {isa = PBXFileReference; lastKnownFileType = sourcecode.c.objc; path = main.m; sourceTree = "<group>"; };
		CA8E639E1D7FE541005A2A52 /* AppDelegate.h */ = {isa = PBXFileReference; lastKnownFileType = sourcecode.c.h; path = AppDelegate.h; sourceTree = "<group>"; };
		CA8E639F1D7FE541005A2A52 /* AppDelegate.m */ = {isa = PBXFileReference; lastKnownFileType = sourcecode.c.objc; path = AppDelegate.m; sourceTree = "<group>"; };
		CA8E63A11D7FE541005A2A52 /* ViewController.h */ = {isa = PBXFileReference; lastKnownFileType = sourcecode.c.h; path = ViewController.h; sourceTree = "<group>"; };
		CA8E63A21D7FE541005A2A52 /* ViewController.m */ = {isa = PBXFileReference; lastKnownFileType = sourcecode.c.objc; path = ViewController.m; sourceTree = "<group>"; };
		CA8E63A51D7FE541005A2A52 /* Base */ = {isa = PBXFileReference; lastKnownFileType = file.storyboard; name = Base; path = Base.lproj/Main.storyboard; sourceTree = "<group>"; };
		CA8E63A71D7FE541005A2A52 /* Assets.xcassets */ = {isa = PBXFileReference; lastKnownFileType = folder.assetcatalog; path = Assets.xcassets; sourceTree = "<group>"; };
		CA8E63AA1D7FE541005A2A52 /* Base */ = {isa = PBXFileReference; lastKnownFileType = file.storyboard; name = Base; path = Base.lproj/LaunchScreen.storyboard; sourceTree = "<group>"; };
		CA8E63AC1D7FE541005A2A52 /* Info.plist */ = {isa = PBXFileReference; lastKnownFileType = text.plist.xml; path = Info.plist; sourceTree = "<group>"; };
		CA8E63B11D7FE541005A2A52 /* FUDateAboutTests.xctest */ = {isa = PBXFileReference; explicitFileType = wrapper.cfbundle; includeInIndex = 0; path = FUDateAboutTests.xctest; sourceTree = BUILT_PRODUCTS_DIR; };
		CA8E63B51D7FE541005A2A52 /* FUDateAboutTests.m */ = {isa = PBXFileReference; lastKnownFileType = sourcecode.c.objc; path = FUDateAboutTests.m; sourceTree = "<group>"; };
		CA8E63B71D7FE541005A2A52 /* Info.plist */ = {isa = PBXFileReference; lastKnownFileType = text.plist.xml; path = Info.plist; sourceTree = "<group>"; };
		CA8E63BC1D7FE541005A2A52 /* FUDateAboutUITests.xctest */ = {isa = PBXFileReference; explicitFileType = wrapper.cfbundle; includeInIndex = 0; path = FUDateAboutUITests.xctest; sourceTree = BUILT_PRODUCTS_DIR; };
		CA8E63C01D7FE541005A2A52 /* FUDateAboutUITests.m */ = {isa = PBXFileReference; lastKnownFileType = sourcecode.c.objc; path = FUDateAboutUITests.m; sourceTree = "<group>"; };
		CA8E63C21D7FE541005A2A52 /* Info.plist */ = {isa = PBXFileReference; lastKnownFileType = text.plist.xml; path = Info.plist; sourceTree = "<group>"; };
		CA8E63CF1D7FE72B005A2A52 /* FUCanlendarView.h */ = {isa = PBXFileReference; fileEncoding = 4; lastKnownFileType = sourcecode.c.h; path = FUCanlendarView.h; sourceTree = "<group>"; };
		CA8E63D01D7FE72B005A2A52 /* FUCanlendarView.m */ = {isa = PBXFileReference; fileEncoding = 4; lastKnownFileType = sourcecode.c.objc; path = FUCanlendarView.m; sourceTree = "<group>"; };
		CA8E63D21D7FE750005A2A52 /* FUCanlendarTestVC.h */ = {isa = PBXFileReference; fileEncoding = 4; lastKnownFileType = sourcecode.c.h; path = FUCanlendarTestVC.h; sourceTree = "<group>"; };
		CA8E63D31D7FE750005A2A52 /* FUCanlendarTestVC.m */ = {isa = PBXFileReference; fileEncoding = 4; lastKnownFileType = sourcecode.c.objc; path = FUCanlendarTestVC.m; sourceTree = "<group>"; };
		CA8E63D51D80117F005A2A52 /* FUCanlendarView.xib */ = {isa = PBXFileReference; fileEncoding = 4; lastKnownFileType = file.xib; path = FUCanlendarView.xib; sourceTree = "<group>"; };
		CA9015461D87A57F00BDC307 /* UIColor+FURandom.h */ = {isa = PBXFileReference; fileEncoding = 4; lastKnownFileType = sourcecode.c.h; path = "UIColor+FURandom.h"; sourceTree = "<group>"; };
		CA9015471D87A57F00BDC307 /* UIColor+FURandom.m */ = {isa = PBXFileReference; fileEncoding = 4; lastKnownFileType = sourcecode.c.objc; path = "UIColor+FURandom.m"; sourceTree = "<group>"; };
/* End PBXFileReference section */

/* Begin PBXFrameworksBuildPhase section */
		CA8E63951D7FE541005A2A52 /* Frameworks */ = {
			isa = PBXFrameworksBuildPhase;
			buildActionMask = 2147483647;
			files = (
			);
			runOnlyForDeploymentPostprocessing = 0;
		};
		CA8E63AE1D7FE541005A2A52 /* Frameworks */ = {
			isa = PBXFrameworksBuildPhase;
			buildActionMask = 2147483647;
			files = (
			);
			runOnlyForDeploymentPostprocessing = 0;
		};
		CA8E63B91D7FE541005A2A52 /* Frameworks */ = {
			isa = PBXFrameworksBuildPhase;
			buildActionMask = 2147483647;
			files = (
			);
			runOnlyForDeploymentPostprocessing = 0;
		};
/* End PBXFrameworksBuildPhase section */

/* Begin PBXGroup section */
		CA8E638F1D7FE541005A2A52 = {
			isa = PBXGroup;
			children = (
				CA8E639A1D7FE541005A2A52 /* FUDateAbout */,
				CA8E63B41D7FE541005A2A52 /* FUDateAboutTests */,
				CA8E63BF1D7FE541005A2A52 /* FUDateAboutUITests */,
				CA8E63991D7FE541005A2A52 /* Products */,
			);
			sourceTree = "<group>";
		};
		CA8E63991D7FE541005A2A52 /* Products */ = {
			isa = PBXGroup;
			children = (
				CA8E63981D7FE541005A2A52 /* FUDateAbout.app */,
				CA8E63B11D7FE541005A2A52 /* FUDateAboutTests.xctest */,
				CA8E63BC1D7FE541005A2A52 /* FUDateAboutUITests.xctest */,
			);
			name = Products;
			sourceTree = "<group>";
		};
		CA8E639A1D7FE541005A2A52 /* FUDateAbout */ = {
			isa = PBXGroup;
			children = (
				CA8E63CE1D7FE6D0005A2A52 /* 日历Canlendar */,
				CA8E63D21D7FE750005A2A52 /* FUCanlendarTestVC.h */,
				CA8E63D31D7FE750005A2A52 /* FUCanlendarTestVC.m */,
				CA9015461D87A57F00BDC307 /* UIColor+FURandom.h */,
				CA9015471D87A57F00BDC307 /* UIColor+FURandom.m */,
				CA8E63A41D7FE541005A2A52 /* Main.storyboard */,
				CA8E639B1D7FE541005A2A52 /* Supporting Files */,
			);
			path = FUDateAbout;
			sourceTree = "<group>";
		};
		CA8E639B1D7FE541005A2A52 /* Supporting Files */ = {
			isa = PBXGroup;
			children = (
				CA8E63A71D7FE541005A2A52 /* Assets.xcassets */,
				CA8E63A91D7FE541005A2A52 /* LaunchScreen.storyboard */,
				CA8E63AC1D7FE541005A2A52 /* Info.plist */,
				CA8E63A11D7FE541005A2A52 /* ViewController.h */,
				CA8E63A21D7FE541005A2A52 /* ViewController.m */,
				CA8E639E1D7FE541005A2A52 /* AppDelegate.h */,
				CA8E639F1D7FE541005A2A52 /* AppDelegate.m */,
				CA8E639C1D7FE541005A2A52 /* main.m */,
			);
			name = "Supporting Files";
			sourceTree = "<group>";
		};
		CA8E63B41D7FE541005A2A52 /* FUDateAboutTests */ = {
			isa = PBXGroup;
			children = (
				CA8E63B51D7FE541005A2A52 /* FUDateAboutTests.m */,
				CA8E63B71D7FE541005A2A52 /* Info.plist */,
			);
			path = FUDateAboutTests;
			sourceTree = "<group>";
		};
		CA8E63BF1D7FE541005A2A52 /* FUDateAboutUITests */ = {
			isa = PBXGroup;
			children = (
				CA8E63C01D7FE541005A2A52 /* FUDateAboutUITests.m */,
				CA8E63C21D7FE541005A2A52 /* Info.plist */,
			);
			path = FUDateAboutUITests;
			sourceTree = "<group>";
		};
		CA8E63CE1D7FE6D0005A2A52 /* 日历Canlendar */ = {
			isa = PBXGroup;
			children = (
				CA8E63CF1D7FE72B005A2A52 /* FUCanlendarView.h */,
				CA8E63D01D7FE72B005A2A52 /* FUCanlendarView.m */,
				CA8E63D51D80117F005A2A52 /* FUCanlendarView.xib */,
				CA8D03871D81058E001ED620 /* FUcanlendarHeader.h */,
				CA8D03881D8109E3001ED620 /* FUCandarContentCell.h */,
				CA8D03891D8109E3001ED620 /* FUCandarContentCell.m */,
				CA8D038A1D8109E3001ED620 /* FUCandarContentCell.xib */,
				CA8D038B1D8109E3001ED620 /* FUCandarWeekCell.h */,
				CA8D038C1D8109E3001ED620 /* FUCandarWeekCell.m */,
				CA8D038D1D8109E3001ED620 /* FUCandarWeekCell.xib */,
				CA8D03951D8153FE001ED620 /* FUCandarModel.h */,
				CA8D03961D8153FE001ED620 /* FUCandarModel.m */,
			);
			name = "日历Canlendar";
			path = Canlendar;
			sourceTree = "<group>";
		};
/* End PBXGroup section */

/* Begin PBXNativeTarget section */
		CA8E63971D7FE541005A2A52 /* FUDateAbout */ = {
			isa = PBXNativeTarget;
			buildConfigurationList = CA8E63C51D7FE541005A2A52 /* Build configuration list for PBXNativeTarget "FUDateAbout" */;
			buildPhases = (
				CA8E63941D7FE541005A2A52 /* Sources */,
				CA8E63951D7FE541005A2A52 /* Frameworks */,
				CA8E63961D7FE541005A2A52 /* Resources */,
			);
			buildRules = (
			);
			dependencies = (
			);
			name = FUDateAbout;
			productName = FUDateAbout;
			productReference = CA8E63981D7FE541005A2A52 /* FUDateAbout.app */;
			productType = "com.apple.product-type.application";
		};
		CA8E63B01D7FE541005A2A52 /* FUDateAboutTests */ = {
			isa = PBXNativeTarget;
			buildConfigurationList = CA8E63C81D7FE541005A2A52 /* Build configuration list for PBXNativeTarget "FUDateAboutTests" */;
			buildPhases = (
				CA8E63AD1D7FE541005A2A52 /* Sources */,
				CA8E63AE1D7FE541005A2A52 /* Frameworks */,
				CA8E63AF1D7FE541005A2A52 /* Resources */,
			);
			buildRules = (
			);
			dependencies = (
				CA8E63B31D7FE541005A2A52 /* PBXTargetDependency */,
			);
			name = FUDateAboutTests;
			productName = FUDateAboutTests;
			productReference = CA8E63B11D7FE541005A2A52 /* FUDateAboutTests.xctest */;
			productType = "com.apple.product-type.bundle.unit-test";
		};
		CA8E63BB1D7FE541005A2A52 /* FUDateAboutUITests */ = {
			isa = PBXNativeTarget;
			buildConfigurationList = CA8E63CB1D7FE541005A2A52 /* Build configuration list for PBXNativeTarget "FUDateAboutUITests" */;
			buildPhases = (
				CA8E63B81D7FE541005A2A52 /* Sources */,
				CA8E63B91D7FE541005A2A52 /* Frameworks */,
				CA8E63BA1D7FE541005A2A52 /* Resources */,
			);
			buildRules = (
			);
			dependencies = (
				CA8E63BE1D7FE541005A2A52 /* PBXTargetDependency */,
			);
			name = FUDateAboutUITests;
			productName = FUDateAboutUITests;
			productReference = CA8E63BC1D7FE541005A2A52 /* FUDateAboutUITests.xctest */;
			productType = "com.apple.product-type.bundle.ui-testing";
		};
/* End PBXNativeTarget section */

/* Begin PBXProject section */
		CA8E63901D7FE541005A2A52 /* Project object */ = {
			isa = PBXProject;
			attributes = {
				LastUpgradeCheck = 0720;
				ORGANIZATIONNAME = FJZ;
				TargetAttributes = {
					CA8E63971D7FE541005A2A52 = {
						CreatedOnToolsVersion = 7.2;
					};
					CA8E63B01D7FE541005A2A52 = {
						CreatedOnToolsVersion = 7.2;
						TestTargetID = CA8E63971D7FE541005A2A52;
					};
					CA8E63BB1D7FE541005A2A52 = {
						CreatedOnToolsVersion = 7.2;
						TestTargetID = CA8E63971D7FE541005A2A52;
					};
				};
			};
			buildConfigurationList = CA8E63931D7FE541005A2A52 /* Build configuration list for PBXProject "FUDateAbout" */;
			compatibilityVersion = "Xcode 3.2";
			developmentRegion = English;
			hasScannedForEncodings = 0;
			knownRegions = (
				en,
				Base,
			);
			mainGroup = CA8E638F1D7FE541005A2A52;
			productRefGroup = CA8E63991D7FE541005A2A52 /* Products */;
			projectDirPath = "";
			projectRoot = "";
			targets = (
				CA8E63971D7FE541005A2A52 /* FUDateAbout */,
				CA8E63B01D7FE541005A2A52 /* FUDateAboutTests */,
				CA8E63BB1D7FE541005A2A52 /* FUDateAboutUITests */,
			);
		};
/* End PBXProject section */

/* Begin PBXResourcesBuildPhase section */
		CA8E63961D7FE541005A2A52 /* Resources */ = {
			isa = PBXResourcesBuildPhase;
			buildActionMask = 2147483647;
			files = (
				CA8E63AB1D7FE541005A2A52 /* LaunchScreen.storyboard in Resources */,
				CA8E63A81D7FE541005A2A52 /* Assets.xcassets in Resources */,
				CA8E63D61D80117F005A2A52 /* FUCanlendarView.xib in Resources */,
				CA8E63A61D7FE541005A2A52 /* Main.storyboard in Resources */,
				CA8D03911D8109E3001ED620 /* FUCandarWeekCell.xib in Resources */,
				CA8D038F1D8109E3001ED620 /* FUCandarContentCell.xib in Resources */,
			);
			runOnlyForDeploymentPostprocessing = 0;
		};
		CA8E63AF1D7FE541005A2A52 /* Resources */ = {
			isa = PBXResourcesBuildPhase;
			buildActionMask = 2147483647;
			files = (
			);
			runOnlyForDeploymentPostprocessing = 0;
		};
		CA8E63BA1D7FE541005A2A52 /* Resources */ = {
			isa = PBXResourcesBuildPhase;
			buildActionMask = 2147483647;
			files = (
			);
			runOnlyForDeploymentPostprocessing = 0;
		};
/* End PBXResourcesBuildPhase section */

/* Begin PBXSourcesBuildPhase section */
		CA8E63941D7FE541005A2A52 /* Sources */ = {
			isa = PBXSourcesBuildPhase;
			buildActionMask = 2147483647;
			files = (
				CA8E63A31D7FE541005A2A52 /* ViewController.m in Sources */,
				CA8D03971D8153FE001ED620 /* FUCandarModel.m in Sources */,
				CA8D03901D8109E3001ED620 /* FUCandarWeekCell.m in Sources */,
				CA8E63A01D7FE541005A2A52 /* AppDelegate.m in Sources */,
				CA8E63D11D7FE72B005A2A52 /* FUCanlendarView.m in Sources */,
				CA9015481D87A57F00BDC307 /* UIColor+FURandom.m in Sources */,
				CA8D038E1D8109E3001ED620 /* FUCandarContentCell.m in Sources */,
				CA8E639D1D7FE541005A2A52 /* main.m in Sources */,
				CA8E63D41D7FE750005A2A52 /* FUCanlendarTestVC.m in Sources */,
			);
			runOnlyForDeploymentPostprocessing = 0;
		};
		CA8E63AD1D7FE541005A2A52 /* Sources */ = {
			isa = PBXSourcesBuildPhase;
			buildActionMask = 2147483647;
			files = (
				CA8E63B61D7FE541005A2A52 /* FUDateAboutTests.m in Sources */,
			);
			runOnlyForDeploymentPostprocessing = 0;
		};
		CA8E63B81D7FE541005A2A52 /* Sources */ = {
			isa = PBXSourcesBuildPhase;
			buildActionMask = 2147483647;
			files = (
				CA8E63C11D7FE541005A2A52 /* FUDateAboutUITests.m in Sources */,
			);
			runOnlyForDeploymentPostprocessing = 0;
		};
/* End PBXSourcesBuildPhase section */

/* Begin PBXTargetDependency section */
		CA8E63B31D7FE541005A2A52 /* PBXTargetDependency */ = {
			isa = PBXTargetDependency;
			target = CA8E63971D7FE541005A2A52 /* FUDateAbout */;
			targetProxy = CA8E63B21D7FE541005A2A52 /* PBXContainerItemProxy */;
		};
		CA8E63BE1D7FE541005A2A52 /* PBXTargetDependency */ = {
			isa = PBXTargetDependency;
			target = CA8E63971D7FE541005A2A52 /* FUDateAbout */;
			targetProxy = CA8E63BD1D7FE541005A2A52 /* PBXContainerItemProxy */;
		};
/* End PBXTargetDependency section */

/* Begin PBXVariantGroup section */
		CA8E63A41D7FE541005A2A52 /* Main.storyboard */ = {
			isa = PBXVariantGroup;
			children = (
				CA8E63A51D7FE541005A2A52 /* Base */,
			);
			name = Main.storyboard;
			sourceTree = "<group>";
		};
		CA8E63A91D7FE541005A2A52 /* LaunchScreen.storyboard */ = {
			isa = PBXVariantGroup;
			children = (
				CA8E63AA1D7FE541005A2A52 /* Base */,
			);
			name = LaunchScreen.storyboard;
			sourceTree = "<group>";
		};
/* End PBXVariantGroup section */

/* Begin XCBuildConfiguration section */
		CA8E63C31D7FE541005A2A52 /* Debug */ = {
			isa = XCBuildConfiguration;
			buildSettings = {
				ALWAYS_SEARCH_USER_PATHS = NO;
				CLANG_CXX_LANGUAGE_STANDARD = "gnu++0x";
				CLANG_CXX_LIBRARY = "libc++";
				CLANG_ENABLE_MODULES = YES;
				CLANG_ENABLE_OBJC_ARC = YES;
				CLANG_WARN_BOOL_CONVERSION = YES;
				CLANG_WARN_CONSTANT_CONVERSION = YES;
				CLANG_WARN_DIRECT_OBJC_ISA_USAGE = YES_ERROR;
				CLANG_WARN_EMPTY_BODY = YES;
				CLANG_WARN_ENUM_CONVERSION = YES;
				CLANG_WARN_INT_CONVERSION = YES;
				CLANG_WARN_OBJC_ROOT_CLASS = YES_ERROR;
				CLANG_WARN_UNREACHABLE_CODE = YES;
				CLANG_WARN__DUPLICATE_METHOD_MATCH = YES;
				"CODE_SIGN_IDENTITY[sdk=iphoneos*]" = "iPhone Developer";
				COPY_PHASE_STRIP = NO;
				DEBUG_INFORMATION_FORMAT = dwarf;
				ENABLE_STRICT_OBJC_MSGSEND = YES;
				ENABLE_TESTABILITY = YES;
				GCC_C_LANGUAGE_STANDARD = gnu99;
				GCC_DYNAMIC_NO_PIC = NO;
				GCC_NO_COMMON_BLOCKS = YES;
				GCC_OPTIMIZATION_LEVEL = 0;
				GCC_PREPROCESSOR_DEFINITIONS = (
					"DEBUG=1",
					"$(inherited)",
				);
				GCC_WARN_64_TO_32_BIT_CONVERSION = YES;
				GCC_WARN_ABOUT_RETURN_TYPE = YES_ERROR;
				GCC_WARN_UNDECLARED_SELECTOR = YES;
				GCC_WARN_UNINITIALIZED_AUTOS = YES_AGGRESSIVE;
				GCC_WARN_UNUSED_FUNCTION = YES;
				GCC_WARN_UNUSED_VARIABLE = YES;
				IPHONEOS_DEPLOYMENT_TARGET = 9.2;
				MTL_ENABLE_DEBUG_INFO = YES;
				ONLY_ACTIVE_ARCH = YES;
				SDKROOT = iphoneos;
			};
			name = Debug;
		};
		CA8E63C41D7FE541005A2A52 /* Release */ = {
			isa = XCBuildConfiguration;
			buildSettings = {
				ALWAYS_SEARCH_USER_PATHS = NO;
				CLANG_CXX_LANGUAGE_STANDARD = "gnu++0x";
				CLANG_CXX_LIBRARY = "libc++";
				CLANG_ENABLE_MODULES = YES;
				CLANG_ENABLE_OBJC_ARC = YES;
				CLANG_WARN_BOOL_CONVERSION = YES;
				CLANG_WARN_CONSTANT_CONVERSION = YES;
				CLANG_WARN_DIRECT_OBJC_ISA_USAGE = YES_ERROR;
				CLANG_WARN_EMPTY_BODY = YES;
				CLANG_WARN_ENUM_CONVERSION = YES;
				CLANG_WARN_INT_CONVERSION = YES;
				CLANG_WARN_OBJC_ROOT_CLASS = YES_ERROR;
				CLANG_WARN_UNREACHABLE_CODE = YES;
				CLANG_WARN__DUPLICATE_METHOD_MATCH = YES;
				"CODE_SIGN_IDENTITY[sdk=iphoneos*]" = "iPhone Developer";
				COPY_PHASE_STRIP = NO;
				DEBUG_INFORMATION_FORMAT = "dwarf-with-dsym";
				ENABLE_NS_ASSERTIONS = NO;
				ENABLE_STRICT_OBJC_MSGSEND = YES;
				GCC_C_LANGUAGE_STANDARD = gnu99;
				GCC_NO_COMMON_BLOCKS = YES;
				GCC_WARN_64_TO_32_BIT_CONVERSION = YES;
				GCC_WARN_ABOUT_RETURN_TYPE = YES_ERROR;
				GCC_WARN_UNDECLARED_SELECTOR = YES;
				GCC_WARN_UNINITIALIZED_AUTOS = YES_AGGRESSIVE;
				GCC_WARN_UNUSED_FUNCTION = YES;
				GCC_WARN_UNUSED_VARIABLE = YES;
				IPHONEOS_DEPLOYMENT_TARGET = 9.2;
				MTL_ENABLE_DEBUG_INFO = NO;
				SDKROOT = iphoneos;
				VALIDATE_PRODUCT = YES;
			};
			name = Release;
		};
		CA8E63C61D7FE541005A2A52 /* Debug */ = {
			isa = XCBuildConfiguration;
			buildSettings = {
				ASSETCATALOG_COMPILER_APPICON_NAME = AppIcon;
				INFOPLIST_FILE = FUDateAbout/Info.plist;
				IPHONEOS_DEPLOYMENT_TARGET = 7.1;
				LD_RUNPATH_SEARCH_PATHS = "$(inherited) @executable_path/Frameworks";
				PRODUCT_BUNDLE_IDENTIFIER = "cn.com.visionet-.FUDateAbout";
				PRODUCT_NAME = "$(TARGET_NAME)";
			};
			name = Debug;
		};
		CA8E63C71D7FE541005A2A52 /* Release */ = {
			isa = XCBuildConfiguration;
			buildSettings = {
				ASSETCATALOG_COMPILER_APPICON_NAME = AppIcon;
				INFOPLIST_FILE = FUDateAbout/Info.plist;
				IPHONEOS_DEPLOYMENT_TARGET = 7.1;
				LD_RUNPATH_SEARCH_PATHS = "$(inherited) @executable_path/Frameworks";
				PRODUCT_BUNDLE_IDENTIFIER = "cn.com.visionet-.FUDateAbout";
				PRODUCT_NAME = "$(TARGET_NAME)";
			};
			name = Release;
		};
		CA8E63C91D7FE541005A2A52 /* Debug */ = {
			isa = XCBuildConfiguration;
			buildSettings = {
				BUNDLE_LOADER = "$(TEST_HOST)";
				INFOPLIST_FILE = FUDateAboutTests/Info.plist;
				LD_RUNPATH_SEARCH_PATHS = "$(inherited) @executable_path/Frameworks @loader_path/Frameworks";
				PRODUCT_BUNDLE_IDENTIFIER = "cn.com.visionet-.FUDateAboutTests";
				PRODUCT_NAME = "$(TARGET_NAME)";
				TEST_HOST = "$(BUILT_PRODUCTS_DIR)/FUDateAbout.app/FUDateAbout";
			};
			name = Debug;
		};
		CA8E63CA1D7FE541005A2A52 /* Release */ = {
			isa = XCBuildConfiguration;
			buildSettings = {
				BUNDLE_LOADER = "$(TEST_HOST)";
				INFOPLIST_FILE = FUDateAboutTests/Info.plist;
				LD_RUNPATH_SEARCH_PATHS = "$(inherited) @executable_path/Frameworks @loader_path/Frameworks";
				PRODUCT_BUNDLE_IDENTIFIER = "cn.com.visionet-.FUDateAboutTests";
				PRODUCT_NAME = "$(TARGET_NAME)";
				TEST_HOST = "$(BUILT_PRODUCTS_DIR)/FUDateAbout.app/FUDateAbout";
			};
			name = Release;
		};
		CA8E63CC1D7FE541005A2A52 /* Debug */ = {
			isa = XCBuildConfiguration;
			buildSettings = {
				INFOPLIST_FILE = FUDateAboutUITests/Info.plist;
				LD_RUNPATH_SEARCH_PATHS = "$(inherited) @executable_path/Frameworks @loader_path/Frameworks";
				PRODUCT_BUNDLE_IDENTIFIER = "cn.com.visionet-.FUDateAboutUITests";
				PRODUCT_NAME = "$(TARGET_NAME)";
				TEST_TARGET_NAME = FUDateAbout;
				USES_XCTRUNNER = YES;
			};
			name = Debug;
		};
		CA8E63CD1D7FE541005A2A52 /* Release */ = {
			isa = XCBuildConfiguration;
			buildSettings = {
				INFOPLIST_FILE = FUDateAboutUITests/Info.plist;
				LD_RUNPATH_SEARCH_PATHS = "$(inherited) @executable_path/Frameworks @loader_path/Frameworks";
				PRODUCT_BUNDLE_IDENTIFIER = "cn.com.visionet-.FUDateAboutUITests";
				PRODUCT_NAME = "$(TARGET_NAME)";
				TEST_TARGET_NAME = FUDateAbout;
				USES_XCTRUNNER = YES;
			};
			name = Release;
		};
/* End XCBuildConfiguration section */

/* Begin XCConfigurationList section */
		CA8E63931D7FE541005A2A52 /* Build configuration list for PBXProject "FUDateAbout" */ = {
			isa = XCConfigurationList;
			buildConfigurations = (
				CA8E63C31D7FE541005A2A52 /* Debug */,
				CA8E63C41D7FE541005A2A52 /* Release */,
			);
			defaultConfigurationIsVisible = 0;
			defaultConfigurationName = Release;
		};
		CA8E63C51D7FE541005A2A52 /* Build configuration list for PBXNativeTarget "FUDateAbout" */ = {
			isa = XCConfigurationList;
			buildConfigurations = (
				CA8E63C61D7FE541005A2A52 /* Debug */,
				CA8E63C71D7FE541005A2A52 /* Release */,
			);
			defaultConfigurationIsVisible = 0;
			defaultConfigurationName = Release;
		};
		CA8E63C81D7FE541005A2A52 /* Build configuration list for PBXNativeTarget "FUDateAboutTests" */ = {
			isa = XCConfigurationList;
			buildConfigurations = (
				CA8E63C91D7FE541005A2A52 /* Debug */,
				CA8E63CA1D7FE541005A2A52 /* Release */,
			);
			defaultConfigurationIsVisible = 0;
			defaultConfigurationName = Release;
		};
		CA8E63CB1D7FE541005A2A52 /* Build configuration list for PBXNativeTarget "FUDateAboutUITests" */ = {
			isa = XCConfigurationList;
			buildConfigurations = (
				CA8E63CC1D7FE541005A2A52 /* Debug */,
				CA8E63CD1D7FE541005A2A52 /* Release */,
			);
			defaultConfigurationIsVisible = 0;
			defaultConfigurationName = Release;
		};
/* End XCConfigurationList section */
	};
	rootObject = CA8E63901D7FE541005A2A52 /* Project object */;
}
